{
  "requires": true,
  "lockfileVersion": 1,
  "dependencies": {
    "dom-js": {
      "version": "0.0.9",
      "resolved": "https://registry.npmjs.org/dom-js/-/dom-js-0.0.9.tgz",
      "integrity": "sha1-LW3WwhGvAY8APzDt9WiPHvhvFac=",
      "requires": {
        "sax": "1.2.4"
      }
    },
    "sax": {
      "version": "1.2.4",
      "resolved": "https://registry.npmjs.org/sax/-/sax-1.2.4.tgz",
      "integrity": "sha512-NqVDv9TpANUjFm0N8uM5GxL36UgKi9/atZw+x7YFnQ8ckwFGKrl4xX4yWtrey3UJm5nP1kUbnYgLopqWNSRhWw=="
    },
    "yandex-disk": {
      "version": "0.0.8",
      "resolved": "https://registry.npmjs.org/yandex-disk/-/yandex-disk-0.0.8.tgz",
      "integrity": "sha1-mqgZU/FkeKX6KH0NVtxwNJjrEQk=",
      "requires": {
        "dom-js": "0.0.9"
      }
    }
  }
}
