
Microsoft Visual Studio Solution File, Format Version 12.00
# Visual Studio 15
VisualStudioVersion = 15.0.28010.2016
MinimumVisualStudioVersion = 10.0.40219.1
Project("{9092AA53-FB77-4645-B42D-1CCCA6BD08BD}") = "YandexDiskPublishTask", "buildAndReleaseTask\YandexDiskPublishTask.njsproj", "{FC2C448D-467D-495E-86C0-7FD6EF44F57D}"
EndProject
Global
	GlobalSection(SolutionConfigurationPlatforms) = preSolution
		Debug|Any CPU = Debug|Any CPU
		Release|Any CPU = Release|Any CPU
	EndGlobalSection
	GlobalSection(ProjectConfigurationPlatforms) = postSolution
		{FC2C448D-467D-495E-86C0-7FD6EF44F57D}.Debug|Any CPU.ActiveCfg = Debug|Any CPU
		{FC2C448D-467D-495E-86C0-7FD6EF44F57D}.Debug|Any CPU.Build.0 = Debug|Any CPU
		{FC2C448D-467D-495E-86C0-7FD6EF44F57D}.Release|Any CPU.ActiveCfg = Release|Any CPU
		{FC2C448D-467D-495E-86C0-7FD6EF44F57D}.Release|Any CPU.Build.0 = Release|Any CPU
	EndGlobalSection
	GlobalSection(SolutionProperties) = preSolution
		HideSolutionNode = FALSE
	EndGlobalSection
	GlobalSection(ExtensibilityGlobals) = postSolution
		SolutionGuid = {B9F887A8-BA47-4ECF-8906-B1F06C0B069C}
	EndGlobalSection
EndGlobal
